{
  "name": "gera_obj",
  "lockfileVersion": 2,
  "requires": true,
  "packages": {
    "": {
      "dependencies": {
        "node-js-beautify": "^0.1.0"
      }
    },
    "node_modules/node-js-beautify": {
      "version": "0.1.0",
      "resolved": "https://registry.npmjs.org/node-js-beautify/-/node-js-beautify-0.1.0.tgz",
      "integrity": "sha1-xuI01XTBg/O8oqUhlo44uV0cYm0=",
      "engines": {
        "node": ">= 0.6.0"
      }
    }
  },
  "dependencies": {
    "node-js-beautify": {
      "version": "0.1.0",
      "resolved": "https://registry.npmjs.org/node-js-beautify/-/node-js-beautify-0.1.0.tgz",
      "integrity": "sha1-xuI01XTBg/O8oqUhlo44uV0cYm0="
    }
  }
}
